{
  "name": "webprog-q-and-a",
  "version": "1.0.0",
  "lockfileVersion": 2,
  "requires": true,
  "packages": {
    "": {
      "name": "webprog-q-and-a",
      "version": "1.0.0",
      "license": "ISC",
      "devDependencies": {
        "gen-q-and-a": "git@github.com:umrigar/gen-q-and-a.git"
      },
      "peerDependencies": {
        "gen-q-and-a": "git@github.com:umrigar/gen-q-and-a.git"
      }
    },
    "node_modules/gen-q-and-a": {
      "version": "1.0.0",
      "resolved": "git+ssh://git@github.com/umrigar/gen-q-and-a.git#25da4f254dc6e7f5a44ac3d31757d85b1e324f51",
      "dev": true,
      "license": "ISC",
      "bin": {
        "gen-q-and-a": "src/cli.js"
      }
    }
  },
  "dependencies": {
    "gen-q-and-a": {
      "version": "git+ssh://git@github.com/umrigar/gen-q-and-a.git#25da4f254dc6e7f5a44ac3d31757d85b1e324f51",
      "dev": true,
      "from": "gen-q-and-a@git@github.com:umrigar/gen-q-and-a.git"
    }
  }
}
